
Microsoft Visual Studio Solution File, Format Version 12.00
# Visual Studio Version 17
VisualStudioVersion = 17.14.36623.8 d17.14
MinimumVisualStudioVersion = 10.0.40219.1
Project("{FAE04EC0-301F-11D3-BF4B-00C04F79EFBC}") = "MESAmetrics", "MESAmetrics\MESAmetrics.csproj", "{7FF874B8-813D-4666-B92F-AEF107B0AF6A}"
EndProject
Global
	GlobalSection(SolutionConfigurationPlatforms) = preSolution
		Debug|Any CPU = Debug|Any CPU
		Release|Any CPU = Release|Any CPU
	EndGlobalSection
	GlobalSection(ProjectConfigurationPlatforms) = postSolution
		{7FF874B8-813D-4666-B92F-AEF107B0AF6A}.Debug|Any CPU.ActiveCfg = Debug|Any CPU
		{7FF874B8-813D-4666-B92F-AEF107B0AF6A}.Debug|Any CPU.Build.0 = Debug|Any CPU
		{7FF874B8-813D-4666-B92F-AEF107B0AF6A}.Release|Any CPU.ActiveCfg = Release|Any CPU
		{7FF874B8-813D-4666-B92F-AEF107B0AF6A}.Release|Any CPU.Build.0 = Release|Any CPU
	EndGlobalSection
	GlobalSection(SolutionProperties) = preSolution
		HideSolutionNode = FALSE
	EndGlobalSection
	GlobalSection(ExtensibilityGlobals) = postSolution
		SolutionGuid = {25CE7287-4358-4DEA-9313-85AEAEF5E597}
	EndGlobalSection
EndGlobal
